
Microsoft Visual Studio Solution File, Format Version 12.00
# Visual Studio Version 17
VisualStudioVersion = 17.3.32922.545
MinimumVisualStudioVersion = 10.0.40219.1
Project("{9A19103F-16F7-4668-BE54-9A1E7A4F7556}") = "ToDoApplication", "ToDoApplication\ToDoApplication.csproj", "{348B1E68-FBEB-4673-AADC-418E489D1DDE}"
EndProject
Project("{9A19103F-16F7-4668-BE54-9A1E7A4F7556}") = "ToDoDomainModel", "ToDoDomainModel\ToDoDomainModel.csproj", "{A1AF9626-8217-43B0-A097-36D8EBEC6C51}"
EndProject
Global
	GlobalSection(SolutionConfigurationPlatforms) = preSolution
		Debug|Any CPU = Debug|Any CPU
		Release|Any CPU = Release|Any CPU
	EndGlobalSection
	GlobalSection(ProjectConfigurationPlatforms) = postSolution
		{348B1E68-FBEB-4673-AADC-418E489D1DDE}.Debug|Any CPU.ActiveCfg = Debug|Any CPU
		{348B1E68-FBEB-4673-AADC-418E489D1DDE}.Debug|Any CPU.Build.0 = Debug|Any CPU
		{348B1E68-FBEB-4673-AADC-418E489D1DDE}.Release|Any CPU.ActiveCfg = Release|Any CPU
		{348B1E68-FBEB-4673-AADC-418E489D1DDE}.Release|Any CPU.Build.0 = Release|Any CPU
		{A1AF9626-8217-43B0-A097-36D8EBEC6C51}.Debug|Any CPU.ActiveCfg = Debug|Any CPU
		{A1AF9626-8217-43B0-A097-36D8EBEC6C51}.Debug|Any CPU.Build.0 = Debug|Any CPU
		{A1AF9626-8217-43B0-A097-36D8EBEC6C51}.Release|Any CPU.ActiveCfg = Release|Any CPU
		{A1AF9626-8217-43B0-A097-36D8EBEC6C51}.Release|Any CPU.Build.0 = Release|Any CPU
	EndGlobalSection
	GlobalSection(SolutionProperties) = preSolution
		HideSolutionNode = FALSE
	EndGlobalSection
	GlobalSection(ExtensibilityGlobals) = postSolution
		SolutionGuid = {7DAD1399-F651-4843-9788-E43472CA1422}
	EndGlobalSection
EndGlobal
